
Microsoft Visual Studio Solution File, Format Version 12.00
# Visual Studio Version 16
VisualStudioVersion = 16.0.29123.89
MinimumVisualStudioVersion = 10.0.40219.1
Project("{9A19103F-16F7-4668-BE54-9A1E7A4F7556}") = "MyLeasing.Common", "MyLeasing.Common\MyLeasing.Common.csproj", "{8960910C-5CAD-4760-A07B-711143FE9CED}"
EndProject
Project("{9A19103F-16F7-4668-BE54-9A1E7A4F7556}") = "MyLeasing.Web", "MyLeasing.Web\MyLeasing.Web.csproj", "{87F1E77A-E14E-4BEE-B97C-89F69BF654D5}"
EndProject
Project("{FAE04EC0-301F-11D3-BF4B-00C04F79EFBC}") = "MyLeasing.Prism", "MyLeasing.Prism\MyLeasing.Prism\MyLeasing.Prism.csproj", "{542EED74-1BF9-4CC7-9854-5BFB82D4D2AF}"
EndProject
Project("{FAE04EC0-301F-11D3-BF4B-00C04F79EFBC}") = "MyLeasing.Prism.Android", "MyLeasing.Prism\MyLeasing.Prism.Android\MyLeasing.Prism.Android.csproj", "{5F776096-C0CB-4D09-887A-E4370E446082}"
EndProject
Project("{FAE04EC0-301F-11D3-BF4B-00C04F79EFBC}") = "MyLeasing.Prism.iOS", "MyLeasing.Prism\MyLeasing.Prism.iOS\MyLeasing.Prism.iOS.csproj", "{D5100C01-D9B7-4321-8800-306E53A615A0}"
EndProject
Global
	GlobalSection(SolutionConfigurationPlatforms) = preSolution
		Ad-Hoc|Any CPU = Ad-Hoc|Any CPU
		Ad-Hoc|iPhone = Ad-Hoc|iPhone
		Ad-Hoc|iPhoneSimulator = Ad-Hoc|iPhoneSimulator
		AppStore|Any CPU = AppStore|Any CPU
		AppStore|iPhone = AppStore|iPhone
		AppStore|iPhoneSimulator = AppStore|iPhoneSimulator
		Debug|Any CPU = Debug|Any CPU
		Debug|iPhone = Debug|iPhone
		Debug|iPhoneSimulator = Debug|iPhoneSimulator
		Release|Any CPU = Release|Any CPU
		Release|iPhone = Release|iPhone
		Release|iPhoneSimulator = Release|iPhoneSimulator
	EndGlobalSection
	GlobalSection(ProjectConfigurationPlatforms) = postSolution
		{8960910C-5CAD-4760-A07B-711143FE9CED}.Ad-Hoc|Any CPU.ActiveCfg = Release|Any CPU
		{8960910C-5CAD-4760-A07B-711143FE9CED}.Ad-Hoc|Any CPU.Build.0 = Release|Any CPU
		{8960910C-5CAD-4760-A07B-711143FE9CED}.Ad-Hoc|iPhone.ActiveCfg = Release|Any CPU
		{8960910C-5CAD-4760-A07B-711143FE9CED}.Ad-Hoc|iPhone.Build.0 = Release|Any CPU
		{8960910C-5CAD-4760-A07B-711143FE9CED}.Ad-Hoc|iPhoneSimulator.ActiveCfg = Release|Any CPU
		{8960910C-5CAD-4760-A07B-711143FE9CED}.Ad-Hoc|iPhoneSimulator.Build.0 = Release|Any CPU
		{8960910C-5CAD-4760-A07B-711143FE9CED}.AppStore|Any CPU.ActiveCfg = Release|Any CPU
		{8960910C-5CAD-4760-A07B-711143FE9CED}.AppStore|Any CPU.Build.0 = Release|Any CPU
		{8960910C-5CAD-4760-A07B-711143FE9CED}.AppStore|iPhone.ActiveCfg = Release|Any CPU
		{8960910C-5CAD-4760-A07B-711143FE9CED}.AppStore|iPhone.Build.0 = Release|Any CPU
		{8960910C-5CAD-4760-A07B-711143FE9CED}.AppStore|iPhoneSimulator.ActiveCfg = Release|Any CPU
		{8960910C-5CAD-4760-A07B-711143FE9CED}.AppStore|iPhoneSimulator.Build.0 = Release|Any CPU
		{8960910C-5CAD-4760-A07B-711143FE9CED}.Debug|Any CPU.ActiveCfg = Debug|Any CPU
		{8960910C-5CAD-4760-A07B-711143FE9CED}.Debug|Any CPU.Build.0 = Debug|Any CPU
		{8960910C-5CAD-4760-A07B-711143FE9CED}.Debug|iPhone.ActiveCfg = Debug|Any CPU
		{8960910C-5CAD-4760-A07B-711143FE9CED}.Debug|iPhone.Build.0 = Debug|Any CPU
		{8960910C-5CAD-4760-A07B-711143FE9CED}.Debug|iPhoneSimulator.ActiveCfg = Debug|Any CPU
		{8960910C-5CAD-4760-A07B-711143FE9CED}.Debug|iPhoneSimulator.Build.0 = Debug|Any CPU
		{8960910C-5CAD-4760-A07B-711143FE9CED}.Release|Any CPU.ActiveCfg = Release|Any CPU
		{8960910C-5CAD-4760-A07B-711143FE9CED}.Release|Any CPU.Build.0 = Release|Any CPU
		{8960910C-5CAD-4760-A07B-711143FE9CED}.Release|iPhone.ActiveCfg = Release|Any CPU
		{8960910C-5CAD-4760-A07B-711143FE9CED}.Release|iPhone.Build.0 = Release|Any CPU
		{8960910C-5CAD-4760-A07B-711143FE9CED}.Release|iPhoneSimulator.ActiveCfg = Release|Any CPU
		{8960910C-5CAD-4760-A07B-711143FE9CED}.Release|iPhoneSimulator.Build.0 = Release|Any CPU
		{87F1E77A-E14E-4BEE-B97C-89F69BF654D5}.Ad-Hoc|Any CPU.ActiveCfg = Release|Any CPU
		{87F1E77A-E14E-4BEE-B97C-89F69BF654D5}.Ad-Hoc|Any CPU.Build.0 = Release|Any CPU
		{87F1E77A-E14E-4BEE-B97C-89F69BF654D5}.Ad-Hoc|iPhone.ActiveCfg = Release|Any CPU
		{87F1E77A-E14E-4BEE-B97C-89F69BF654D5}.Ad-Hoc|iPhone.Build.0 = Release|Any CPU
		{87F1E77A-E14E-4BEE-B97C-89F69BF654D5}.Ad-Hoc|iPhoneSimulator.ActiveCfg = Release|Any CPU
		{87F1E77A-E14E-4BEE-B97C-89F69BF654D5}.Ad-Hoc|iPhoneSimulator.Build.0 = Release|Any CPU
		{87F1E77A-E14E-4BEE-B97C-89F69BF654D5}.AppStore|Any CPU.ActiveCfg = Release|Any CPU
		{87F1E77A-E14E-4BEE-B97C-89F69BF654D5}.AppStore|Any CPU.Build.0 = Release|Any CPU
		{87F1E77A-E14E-4BEE-B97C-89F69BF654D5}.AppStore|iPhone.ActiveCfg = Release|Any CPU
		{87F1E77A-E14E-4BEE-B97C-89F69BF654D5}.AppStore|iPhone.Build.0 = Release|Any CPU
		{87F1E77A-E14E-4BEE-B97C-89F69BF654D5}.AppStore|iPhoneSimulator.ActiveCfg = Release|Any CPU
		{87F1E77A-E14E-4BEE-B97C-89F69BF654D5}.AppStore|iPhoneSimulator.Build.0 = Release|Any CPU
		{87F1E77A-E14E-4BEE-B97C-89F69BF654D5}.Debug|Any CPU.ActiveCfg = Debug|Any CPU
		{87F1E77A-E14E-4BEE-B97C-89F69BF654D5}.Debug|Any CPU.Build.0 = Debug|Any CPU
		{87F1E77A-E14E-4BEE-B97C-89F69BF654D5}.Debug|iPhone.ActiveCfg = Debug|Any CPU
		{87F1E77A-E14E-4BEE-B97C-89F69BF654D5}.Debug|iPhone.Build.0 = Debug|Any CPU
		{87F1E77A-E14E-4BEE-B97C-89F69BF654D5}.Debug|iPhoneSimulator.ActiveCfg = Debug|Any CPU
		{87F1E77A-E14E-4BEE-B97C-89F69BF654D5}.Debug|iPhoneSimulator.Build.0 = Debug|Any CPU
		{87F1E77A-E14E-4BEE-B97C-89F69BF654D5}.Release|Any CPU.ActiveCfg = Release|Any CPU
		{87F1E77A-E14E-4BEE-B97C-89F69BF654D5}.Release|Any CPU.Build.0 = Release|Any CPU
		{87F1E77A-E14E-4BEE-B97C-89F69BF654D5}.Release|iPhone.ActiveCfg = Release|Any CPU
		{87F1E77A-E14E-4BEE-B97C-89F69BF654D5}.Release|iPhone.Build.0 = Release|Any CPU
		{87F1E77A-E14E-4BEE-B97C-89F69BF654D5}.Release|iPhoneSimulator.ActiveCfg = Release|Any CPU
		{87F1E77A-E14E-4BEE-B97C-89F69BF654D5}.Release|iPhoneSimulator.Build.0 = Release|Any CPU
		{542EED74-1BF9-4CC7-9854-5BFB82D4D2AF}.Ad-Hoc|Any CPU.ActiveCfg = Debug|Any CPU
		{542EED74-1BF9-4CC7-9854-5BFB82D4D2AF}.Ad-Hoc|Any CPU.Build.0 = Debug|Any CPU
		{542EED74-1BF9-4CC7-9854-5BFB82D4D2AF}.Ad-Hoc|iPhone.ActiveCfg = Debug|Any CPU
		{542EED74-1BF9-4CC7-9854-5BFB82D4D2AF}.Ad-Hoc|iPhone.Build.0 = Debug|Any CPU
		{542EED74-1BF9-4CC7-9854-5BFB82D4D2AF}.Ad-Hoc|iPhoneSimulator.ActiveCfg = Debug|Any CPU
		{542EED74-1BF9-4CC7-9854-5BFB82D4D2AF}.Ad-Hoc|iPhoneSimulator.Build.0 = Debug|Any CPU
		{542EED74-1BF9-4CC7-9854-5BFB82D4D2AF}.AppStore|Any CPU.ActiveCfg = Debug|Any CPU
		{542EED74-1BF9-4CC7-9854-5BFB82D4D2AF}.AppStore|Any CPU.Build.0 = Debug|Any CPU
		{542EED74-1BF9-4CC7-9854-5BFB82D4D2AF}.AppStore|iPhone.ActiveCfg = Debug|Any CPU
		{542EED74-1BF9-4CC7-9854-5BFB82D4D2AF}.AppStore|iPhone.Build.0 = Debug|Any CPU
		{542EED74-1BF9-4CC7-9854-5BFB82D4D2AF}.AppStore|iPhoneSimulator.ActiveCfg = Debug|Any CPU
		{542EED74-1BF9-4CC7-9854-5BFB82D4D2AF}.AppStore|iPhoneSimulator.Build.0 = Debug|Any CPU
		{542EED74-1BF9-4CC7-9854-5BFB82D4D2AF}.Debug|Any CPU.ActiveCfg = Debug|Any CPU
		{542EED74-1BF9-4CC7-9854-5BFB82D4D2AF}.Debug|Any CPU.Build.0 = Debug|Any CPU
		{542EED74-1BF9-4CC7-9854-5BFB82D4D2AF}.Debug|iPhone.ActiveCfg = Debug|Any CPU
		{542EED74-1BF9-4CC7-9854-5BFB82D4D2AF}.Debug|iPhone.Build.0 = Debug|Any CPU
		{542EED74-1BF9-4CC7-9854-5BFB82D4D2AF}.Debug|iPhoneSimulator.ActiveCfg = Debug|Any CPU
		{542EED74-1BF9-4CC7-9854-5BFB82D4D2AF}.Debug|iPhoneSimulator.Build.0 = Debug|Any CPU
		{542EED74-1BF9-4CC7-9854-5BFB82D4D2AF}.Release|Any CPU.ActiveCfg = Release|Any CPU
		{542EED74-1BF9-4CC7-9854-5BFB82D4D2AF}.Release|Any CPU.Build.0 = Release|Any CPU
		{542EED74-1BF9-4CC7-9854-5BFB82D4D2AF}.Release|iPhone.ActiveCfg = Release|Any CPU
		{542EED74-1BF9-4CC7-9854-5BFB82D4D2AF}.Release|iPhone.Build.0 = Release|Any CPU
		{542EED74-1BF9-4CC7-9854-5BFB82D4D2AF}.Release|iPhoneSimulator.ActiveCfg = Release|Any CPU
		{542EED74-1BF9-4CC7-9854-5BFB82D4D2AF}.Release|iPhoneSimulator.Build.0 = Release|Any CPU
		{5F776096-C0CB-4D09-887A-E4370E446082}.Ad-Hoc|Any CPU.ActiveCfg = Release|Any CPU
		{5F776096-C0CB-4D09-887A-E4370E446082}.Ad-Hoc|Any CPU.Build.0 = Release|Any CPU
		{5F776096-C0CB-4D09-887A-E4370E446082}.Ad-Hoc|Any CPU.Deploy.0 = Release|Any CPU
		{5F776096-C0CB-4D09-887A-E4370E446082}.Ad-Hoc|iPhone.ActiveCfg = Release|Any CPU
		{5F776096-C0CB-4D09-887A-E4370E446082}.Ad-Hoc|iPhone.Build.0 = Release|Any CPU
		{5F776096-C0CB-4D09-887A-E4370E446082}.Ad-Hoc|iPhone.Deploy.0 = Release|Any CPU
		{5F776096-C0CB-4D09-887A-E4370E446082}.Ad-Hoc|iPhoneSimulator.ActiveCfg = Release|Any CPU
		{5F776096-C0CB-4D09-887A-E4370E446082}.Ad-Hoc|iPhoneSimulator.Build.0 = Release|Any CPU
		{5F776096-C0CB-4D09-887A-E4370E446082}.Ad-Hoc|iPhoneSimulator.Deploy.0 = Release|Any CPU
		{5F776096-C0CB-4D09-887A-E4370E446082}.AppStore|Any CPU.ActiveCfg = Release|Any CPU
		{5F776096-C0CB-4D09-887A-E4370E446082}.AppStore|Any CPU.Build.0 = Release|Any CPU
		{5F776096-C0CB-4D09-887A-E4370E446082}.AppStore|Any CPU.Deploy.0 = Release|Any CPU
		{5F776096-C0CB-4D09-887A-E4370E446082}.AppStore|iPhone.ActiveCfg = Release|Any CPU
		{5F776096-C0CB-4D09-887A-E4370E446082}.AppStore|iPhone.Build.0 = Release|Any CPU
		{5F776096-C0CB-4D09-887A-E4370E446082}.AppStore|iPhone.Deploy.0 = Release|Any CPU
		{5F776096-C0CB-4D09-887A-E4370E446082}.AppStore|iPhoneSimulator.ActiveCfg = Release|Any CPU
		{5F776096-C0CB-4D09-887A-E4370E446082}.AppStore|iPhoneSimulator.Build.0 = Release|Any CPU
		{5F776096-C0CB-4D09-887A-E4370E446082}.AppStore|iPhoneSimulator.Deploy.0 = Release|Any CPU
		{5F776096-C0CB-4D09-887A-E4370E446082}.Debug|Any CPU.ActiveCfg = Debug|Any CPU
		{5F776096-C0CB-4D09-887A-E4370E446082}.Debug|Any CPU.Build.0 = Debug|Any CPU
		{5F776096-C0CB-4D09-887A-E4370E446082}.Debug|Any CPU.Deploy.0 = Debug|Any CPU
		{5F776096-C0CB-4D09-887A-E4370E446082}.Debug|iPhone.ActiveCfg = Debug|Any CPU
		{5F776096-C0CB-4D09-887A-E4370E446082}.Debug|iPhone.Build.0 = Debug|Any CPU
		{5F776096-C0CB-4D09-887A-E4370E446082}.Debug|iPhone.Deploy.0 = Debug|Any CPU
		{5F776096-C0CB-4D09-887A-E4370E446082}.Debug|iPhoneSimulator.ActiveCfg = Debug|Any CPU
		{5F776096-C0CB-4D09-887A-E4370E446082}.Debug|iPhoneSimulator.Build.0 = Debug|Any CPU
		{5F776096-C0CB-4D09-887A-E4370E446082}.Debug|iPhoneSimulator.Deploy.0 = Debug|Any CPU
		{5F776096-C0CB-4D09-887A-E4370E446082}.Release|Any CPU.ActiveCfg = Release|Any CPU
		{5F776096-C0CB-4D09-887A-E4370E446082}.Release|Any CPU.Build.0 = Release|Any CPU
		{5F776096-C0CB-4D09-887A-E4370E446082}.Release|Any CPU.Deploy.0 = Release|Any CPU
		{5F776096-C0CB-4D09-887A-E4370E446082}.Release|iPhone.ActiveCfg = Release|Any CPU
		{5F776096-C0CB-4D09-887A-E4370E446082}.Release|iPhone.Build.0 = Release|Any CPU
		{5F776096-C0CB-4D09-887A-E4370E446082}.Release|iPhone.Deploy.0 = Release|Any CPU
		{5F776096-C0CB-4D09-887A-E4370E446082}.Release|iPhoneSimulator.ActiveCfg = Release|Any CPU
		{5F776096-C0CB-4D09-887A-E4370E446082}.Release|iPhoneSimulator.Build.0 = Release|Any CPU
		{5F776096-C0CB-4D09-887A-E4370E446082}.Release|iPhoneSimulator.Deploy.0 = Release|Any CPU
		{D5100C01-D9B7-4321-8800-306E53A615A0}.Ad-Hoc|Any CPU.ActiveCfg = Ad-Hoc|iPhone
		{D5100C01-D9B7-4321-8800-306E53A615A0}.Ad-Hoc|iPhone.ActiveCfg = Ad-Hoc|iPhone
		{D5100C01-D9B7-4321-8800-306E53A615A0}.Ad-Hoc|iPhone.Build.0 = Ad-Hoc|iPhone
		{D5100C01-D9B7-4321-8800-306E53A615A0}.Ad-Hoc|iPhoneSimulator.ActiveCfg = Ad-Hoc|iPhoneSimulator
		{D5100C01-D9B7-4321-8800-306E53A615A0}.Ad-Hoc|iPhoneSimulator.Build.0 = Ad-Hoc|iPhoneSimulator
		{D5100C01-D9B7-4321-8800-306E53A615A0}.AppStore|Any CPU.ActiveCfg = AppStore|iPhone
		{D5100C01-D9B7-4321-8800-306E53A615A0}.AppStore|iPhone.ActiveCfg = AppStore|iPhone
		{D5100C01-D9B7-4321-8800-306E53A615A0}.AppStore|iPhone.Build.0 = AppStore|iPhone
		{D5100C01-D9B7-4321-8800-306E53A615A0}.AppStore|iPhoneSimulator.ActiveCfg = AppStore|iPhoneSimulator
		{D5100C01-D9B7-4321-8800-306E53A615A0}.AppStore|iPhoneSimulator.Build.0 = AppStore|iPhoneSimulator
		{D5100C01-D9B7-4321-8800-306E53A615A0}.Debug|Any CPU.ActiveCfg = Debug|iPhone
		{D5100C01-D9B7-4321-8800-306E53A615A0}.Debug|iPhone.ActiveCfg = Debug|iPhone
		{D5100C01-D9B7-4321-8800-306E53A615A0}.Debug|iPhone.Build.0 = Debug|iPhone
		{D5100C01-D9B7-4321-8800-306E53A615A0}.Debug|iPhoneSimulator.ActiveCfg = Debug|iPhoneSimulator
		{D5100C01-D9B7-4321-8800-306E53A615A0}.Debug|iPhoneSimulator.Build.0 = Debug|iPhoneSimulator
		{D5100C01-D9B7-4321-8800-306E53A615A0}.Release|Any CPU.ActiveCfg = Release|iPhone
		{D5100C01-D9B7-4321-8800-306E53A615A0}.Release|iPhone.ActiveCfg = Release|iPhone
		{D5100C01-D9B7-4321-8800-306E53A615A0}.Release|iPhone.Build.0 = Release|iPhone
		{D5100C01-D9B7-4321-8800-306E53A615A0}.Release|iPhoneSimulator.ActiveCfg = Release|iPhoneSimulator
		{D5100C01-D9B7-4321-8800-306E53A615A0}.Release|iPhoneSimulator.Build.0 = Release|iPhoneSimulator
	EndGlobalSection
	GlobalSection(SolutionProperties) = preSolution
		HideSolutionNode = FALSE
	EndGlobalSection
	GlobalSection(ExtensibilityGlobals) = postSolution
		SolutionGuid = {64C7030F-DC71-4947-8C5E-81A33A002CA2}
	EndGlobalSection
EndGlobal
